# THIS IS AN AUTOGENERATED FILE. DO NOT EDIT THIS FILE DIRECTLY.
# yarn lockfile v1


power-set@^1.1.8:
  version "1.1.8"
  resolved "https://registry.yarnpkg.com/power-set/-/power-set-1.1.8.tgz#a0bdcdcc3ae53e288da2135ac4a67fb1661e3d44"
  integrity sha512-JLU/X7IlaQy6Q+uGTPoPan7r4frzfeUXp8cUQ9tXBQKias+4cYmzg3by5111RUAvugtIAKL2IAAl9+bSrB14ww==
